version: v0.142.0
dependencies:
- name: rook-ceph
  repository: https://charts.rook.io/release
  version: v1.8.2
- name: rook-ceph-cluster
  repository: https://charts.rook.io/release
  version: v1.8.2
digest: sha256:08b64a1e48e09dc7bf2c4a4262118242e94dc36dedbf2416c81e87da2ba15b42
generated: "2022-01-08T12:33:37.873646+09:00"
